# This file is automatically @generated by Cargo.
# It is not intended for manual editing.
version = 4

[[package]]
name = "agentd"
version = "0.1.0"
dependencies = [
 "agentd-runner",
 "agentd-scheduler",
]

[[package]]
name = "agentd-runner"
version = "0.1.0"

[[package]]
name = "agentd-scheduler"
version = "0.1.0"
